
Microsoft Visual Studio Solution File, Format Version 12.00
# Visual Studio Version 16
VisualStudioVersion = 16.0.31313.79
MinimumVisualStudioVersion = 10.0.40219.1
Project("{FAE04EC0-301F-11D3-BF4B-00C04F79EFBC}") = "SalesWebMvc", "SalesWebMvc\SalesWebMvc.csproj", "{7F489D78-CA97-4DE1-AFDA-A3E31ABE3D68}"
EndProject
Global
	GlobalSection(SolutionConfigurationPlatforms) = preSolution
		Debug|Any CPU = Debug|Any CPU
		Release|Any CPU = Release|Any CPU
	EndGlobalSection
	GlobalSection(ProjectConfigurationPlatforms) = postSolution
		{7F489D78-CA97-4DE1-AFDA-A3E31ABE3D68}.Debug|Any CPU.ActiveCfg = Debug|Any CPU
		{7F489D78-CA97-4DE1-AFDA-A3E31ABE3D68}.Debug|Any CPU.Build.0 = Debug|Any CPU
		{7F489D78-CA97-4DE1-AFDA-A3E31ABE3D68}.Release|Any CPU.ActiveCfg = Release|Any CPU
		{7F489D78-CA97-4DE1-AFDA-A3E31ABE3D68}.Release|Any CPU.Build.0 = Release|Any CPU
	EndGlobalSection
	GlobalSection(SolutionProperties) = preSolution
		HideSolutionNode = FALSE
	EndGlobalSection
	GlobalSection(ExtensibilityGlobals) = postSolution
		SolutionGuid = {D92408E9-17BE-4E7F-9793-1E36136378E7}
	EndGlobalSection
EndGlobal
